<?xml version="1.0" encoding="utf-8"?>
<Project ToolsVersion="4.0" xmlns="http://schemas.microsoft.com/developer/msbuild/2003">
  <ItemGroup>
    <Filter Include="Resource Files">
      <UniqueIdentifier>{67DA6AB6-F800-4c08-8B7A-83BB121AAD01}</UniqueIdentifier>
      <Extensions>rc;ico;cur;bmp;dlg;rc2;rct;bin;rgs;gif;jpg;jpeg;jpe;resx;tiff;tif;png;wav;mfcribbon-ms</Extensions>
    </Filter>
  </ItemGroup>
  <ItemGroup>
    <ClCompile Include="..\BaseApplication.cpp" />
    <ClCompile Include="..\MinecraftApplication.cpp" />
    <ClCompile Include="..\Cube.cpp" />
    <ClCompile Include="..\CubeFactory.cpp" />
    <ClCompile Include="..\CubeVisitor.cpp" />
    <ClCompile Include="..\FireCube.cpp" />
    <ClCompile Include="..\GoldCube.cpp" />
    <ClCompile Include="..\MetalCube.cpp" />
    <ClCompile Include="..\WaterCube.cpp" />
    <ClCompile Include="..\WoodenCube.cpp" />
  </ItemGroup>
  <ItemGroup>
    <ClInclude Include="..\BaseApplication.h" />
    <ClInclude Include="resource.h" />
    <ClInclude Include="..\MinecraftApplication.h" />
    <ClInclude Include="..\Cube.h" />
    <ClInclude Include="..\CubeFactory.h" />
    <ClInclude Include="..\CubeVisitor.h" />
    <ClInclude Include="..\FireCube.h" />
    <ClInclude Include="..\GoldCube.h" />
    <ClInclude Include="..\MetalCube.h" />
    <ClInclude Include="..\WaterCube.h" />
    <ClInclude Include="..\WoodenCube.h" />
  </ItemGroup>
  <ItemGroup>
    <ResourceCompile Include="OgreGame.rc">
      <Filter>Resource Files</Filter>
    </ResourceCompile>
  </ItemGroup>
</Project>